
Microsoft Visual Studio Solution File, Format Version 12.00
# Visual Studio Version 17
VisualStudioVersion = 17.9.34616.47
MinimumVisualStudioVersion = 10.0.40219.1
Project("{FAE04EC0-301F-11D3-BF4B-00C04F79EFBC}") = "RV_lab1", "RV_lab1\RV_lab1.csproj", "{89B695B8-5277-4CE4-AE6E-2177B4C81E39}"
EndProject
Global
	GlobalSection(SolutionConfigurationPlatforms) = preSolution
		Debug|Any CPU = Debug|Any CPU
		Release|Any CPU = Release|Any CPU
	EndGlobalSection
	GlobalSection(ProjectConfigurationPlatforms) = postSolution
		{89B695B8-5277-4CE4-AE6E-2177B4C81E39}.Debug|Any CPU.ActiveCfg = Debug|Any CPU
		{89B695B8-5277-4CE4-AE6E-2177B4C81E39}.Debug|Any CPU.Build.0 = Debug|Any CPU
		{89B695B8-5277-4CE4-AE6E-2177B4C81E39}.Release|Any CPU.ActiveCfg = Release|Any CPU
		{89B695B8-5277-4CE4-AE6E-2177B4C81E39}.Release|Any CPU.Build.0 = Release|Any CPU
	EndGlobalSection
	GlobalSection(SolutionProperties) = preSolution
		HideSolutionNode = FALSE
	EndGlobalSection
	GlobalSection(ExtensibilityGlobals) = postSolution
		SolutionGuid = {6731BBDA-DDF1-4C40-BF71-C7A1F29138FD}
	EndGlobalSection
EndGlobal
